// !$*UTF8*$!
{
	archiveVersion = 1;
	classes = {
	};
	objectVersion = 50;
	objects = {

/* Begin PBXBuildFile section */
		8D20875C2645345A00959CF9 /* Store.swift in Sources */ = {isa = PBXBuildFile; fileRef = 8D20875B2645345A00959CF9 /* Store.swift */; };
		8D2087672645347100959CF9 /* Store.swift in Sources */ = {isa = PBXBuildFile; fileRef = 8D20875B2645345A00959CF9 /* Store.swift */; };
		8D20876F2645350E00959CF9 /* StoreSpecs.swift in Sources */ = {isa = PBXBuildFile; fileRef = 8D20876E2645350E00959CF9 /* StoreSpecs.swift */; };
		8D2087892645382200959CF9 /* MathController.swift in Sources */ = {isa = PBXBuildFile; fileRef = 8DADCB3126445296009180E5 /* MathController.swift */; };
		8D2087932645393B00959CF9 /* Store.swift in Sources */ = {isa = PBXBuildFile; fileRef = 8D20875B2645345A00959CF9 /* Store.swift */; };
		8DADCB2E26445296009180E5 /* AppDelegate.swift in Sources */ = {isa = PBXBuildFile; fileRef = 8DADCB2D26445296009180E5 /* AppDelegate.swift */; };
		8DADCB3226445296009180E5 /* MathController.swift in Sources */ = {isa = PBXBuildFile; fileRef = 8DADCB3126445296009180E5 /* MathController.swift */; };
		8DADCB3526445296009180E5 /* Main.storyboard in Resources */ = {isa = PBXBuildFile; fileRef = 8DADCB3326445296009180E5 /* Main.storyboard */; };
		8DADCB372644529A009180E5 /* Assets.xcassets in Resources */ = {isa = PBXBuildFile; fileRef = 8DADCB362644529A009180E5 /* Assets.xcassets */; };
		8DADCB3A2644529A009180E5 /* LaunchScreen.storyboard in Resources */ = {isa = PBXBuildFile; fileRef = 8DADCB382644529A009180E5 /* LaunchScreen.storyboard */; };
		8DADCB502644529A009180E5 /* CombineReduxUITests.swift in Sources */ = {isa = PBXBuildFile; fileRef = 8DADCB4F2644529A009180E5 /* CombineReduxUITests.swift */; };
/* End PBXBuildFile section */

/* Begin PBXContainerItemProxy section */
		8DADCB412644529A009180E5 /* PBXContainerItemProxy */ = {
			isa = PBXContainerItemProxy;
			containerPortal = 8DADCB2226445296009180E5 /* Project object */;
			proxyType = 1;
			remoteGlobalIDString = 8DADCB2926445296009180E5;
			remoteInfo = CombineRedux;
		};
		8DADCB4C2644529A009180E5 /* PBXContainerItemProxy */ = {
			isa = PBXContainerItemProxy;
			containerPortal = 8DADCB2226445296009180E5 /* Project object */;
			proxyType = 1;
			remoteGlobalIDString = 8DADCB2926445296009180E5;
			remoteInfo = CombineRedux;
		};
/* End PBXContainerItemProxy section */

/* Begin PBXFileReference section */
		8D20875B2645345A00959CF9 /* Store.swift */ = {isa = PBXFileReference; lastKnownFileType = sourcecode.swift; path = Store.swift; sourceTree = "<group>"; };
		8D20876E2645350E00959CF9 /* StoreSpecs.swift */ = {isa = PBXFileReference; lastKnownFileType = sourcecode.swift; path = StoreSpecs.swift; sourceTree = "<group>"; };
		8DADCB2A26445296009180E5 /* CombineRedux.app */ = {isa = PBXFileReference; explicitFileType = wrapper.application; includeInIndex = 0; path = CombineRedux.app; sourceTree = BUILT_PRODUCTS_DIR; };
		8DADCB2D26445296009180E5 /* AppDelegate.swift */ = {isa = PBXFileReference; lastKnownFileType = sourcecode.swift; path = AppDelegate.swift; sourceTree = "<group>"; };
		8DADCB3126445296009180E5 /* MathController.swift */ = {isa = PBXFileReference; lastKnownFileType = sourcecode.swift; path = MathController.swift; sourceTree = "<group>"; };
		8DADCB3426445296009180E5 /* Base */ = {isa = PBXFileReference; lastKnownFileType = file.storyboard; name = Base; path = Base.lproj/Main.storyboard; sourceTree = "<group>"; };
		8DADCB362644529A009180E5 /* Assets.xcassets */ = {isa = PBXFileReference; lastKnownFileType = folder.assetcatalog; path = Assets.xcassets; sourceTree = "<group>"; };
		8DADCB392644529A009180E5 /* Base */ = {isa = PBXFileReference; lastKnownFileType = file.storyboard; name = Base; path = Base.lproj/LaunchScreen.storyboard; sourceTree = "<group>"; };
		8DADCB3B2644529A009180E5 /* Info.plist */ = {isa = PBXFileReference; lastKnownFileType = text.plist.xml; path = Info.plist; sourceTree = "<group>"; };
		8DADCB402644529A009180E5 /* CombineReduxTests.xctest */ = {isa = PBXFileReference; explicitFileType = wrapper.cfbundle; includeInIndex = 0; path = CombineReduxTests.xctest; sourceTree = BUILT_PRODUCTS_DIR; };
		8DADCB462644529A009180E5 /* Info.plist */ = {isa = PBXFileReference; lastKnownFileType = text.plist.xml; path = Info.plist; sourceTree = "<group>"; };
		8DADCB4B2644529A009180E5 /* CombineReduxUITests.xctest */ = {isa = PBXFileReference; explicitFileType = wrapper.cfbundle; includeInIndex = 0; path = CombineReduxUITests.xctest; sourceTree = BUILT_PRODUCTS_DIR; };
		8DADCB4F2644529A009180E5 /* CombineReduxUITests.swift */ = {isa = PBXFileReference; lastKnownFileType = sourcecode.swift; path = CombineReduxUITests.swift; sourceTree = "<group>"; };
		8DADCB512644529A009180E5 /* Info.plist */ = {isa = PBXFileReference; lastKnownFileType = text.plist.xml; path = Info.plist; sourceTree = "<group>"; };
/* End PBXFileReference section */

/* Begin PBXFrameworksBuildPhase section */
		8DADCB2726445296009180E5 /* Frameworks */ = {
			isa = PBXFrameworksBuildPhase;
			buildActionMask = 2147483647;
			files = (
			);
			runOnlyForDeploymentPostprocessing = 0;
		};
		8DADCB3D2644529A009180E5 /* Frameworks */ = {
			isa = PBXFrameworksBuildPhase;
			buildActionMask = 2147483647;
			files = (
			);
			runOnlyForDeploymentPostprocessing = 0;
		};
		8DADCB482644529A009180E5 /* Frameworks */ = {
			isa = PBXFrameworksBuildPhase;
			buildActionMask = 2147483647;
			files = (
			);
			runOnlyForDeploymentPostprocessing = 0;
		};
/* End PBXFrameworksBuildPhase section */

/* Begin PBXGroup section */
		8DADCB2126445296009180E5 = {
			isa = PBXGroup;
			children = (
				8DADCB2C26445296009180E5 /* CombineRedux */,
				8DADCB432644529A009180E5 /* CombineReduxTests */,
				8DADCB4E2644529A009180E5 /* CombineReduxUITests */,
				8DADCB2B26445296009180E5 /* Products */,
			);
			sourceTree = "<group>";
		};
		8DADCB2B26445296009180E5 /* Products */ = {
			isa = PBXGroup;
			children = (
				8DADCB2A26445296009180E5 /* CombineRedux.app */,
				8DADCB402644529A009180E5 /* CombineReduxTests.xctest */,
				8DADCB4B2644529A009180E5 /* CombineReduxUITests.xctest */,
			);
			name = Products;
			sourceTree = "<group>";
		};
		8DADCB2C26445296009180E5 /* CombineRedux */ = {
			isa = PBXGroup;
			children = (
				8DADCB2D26445296009180E5 /* AppDelegate.swift */,
				8DADCB3126445296009180E5 /* MathController.swift */,
				8DADCB3326445296009180E5 /* Main.storyboard */,
				8DADCB362644529A009180E5 /* Assets.xcassets */,
				8DADCB382644529A009180E5 /* LaunchScreen.storyboard */,
				8DADCB3B2644529A009180E5 /* Info.plist */,
				8D20875B2645345A00959CF9 /* Store.swift */,
			);
			path = CombineRedux;
			sourceTree = "<group>";
		};
		8DADCB432644529A009180E5 /* CombineReduxTests */ = {
			isa = PBXGroup;
			children = (
				8DADCB462644529A009180E5 /* Info.plist */,
				8D20876E2645350E00959CF9 /* StoreSpecs.swift */,
			);
			path = CombineReduxTests;
			sourceTree = "<group>";
		};
		8DADCB4E2644529A009180E5 /* CombineReduxUITests */ = {
			isa = PBXGroup;
			children = (
				8DADCB4F2644529A009180E5 /* CombineReduxUITests.swift */,
				8DADCB512644529A009180E5 /* Info.plist */,
			);
			path = CombineReduxUITests;
			sourceTree = "<group>";
		};
/* End PBXGroup section */

/* Begin PBXNativeTarget section */
		8DADCB2926445296009180E5 /* CombineRedux */ = {
			isa = PBXNativeTarget;
			buildConfigurationList = 8DADCB542644529A009180E5 /* Build configuration list for PBXNativeTarget "CombineRedux" */;
			buildPhases = (
				8DADCB2626445296009180E5 /* Sources */,
				8DADCB2726445296009180E5 /* Frameworks */,
				8DADCB2826445296009180E5 /* Resources */,
			);
			buildRules = (
			);
			dependencies = (
			);
			name = CombineRedux;
			packageProductDependencies = (
			);
			productName = CombineRedux;
			productReference = 8DADCB2A26445296009180E5 /* CombineRedux.app */;
			productType = "com.apple.product-type.application";
		};
		8DADCB3F2644529A009180E5 /* CombineReduxTests */ = {
			isa = PBXNativeTarget;
			buildConfigurationList = 8DADCB572644529A009180E5 /* Build configuration list for PBXNativeTarget "CombineReduxTests" */;
			buildPhases = (
				8DADCB3C2644529A009180E5 /* Sources */,
				8DADCB3D2644529A009180E5 /* Frameworks */,
				8DADCB3E2644529A009180E5 /* Resources */,
			);
			buildRules = (
			);
			dependencies = (
				8DADCB422644529A009180E5 /* PBXTargetDependency */,
			);
			name = CombineReduxTests;
			productName = CombineReduxTests;
			productReference = 8DADCB402644529A009180E5 /* CombineReduxTests.xctest */;
			productType = "com.apple.product-type.bundle.unit-test";
		};
		8DADCB4A2644529A009180E5 /* CombineReduxUITests */ = {
			isa = PBXNativeTarget;
			buildConfigurationList = 8DADCB5A2644529A009180E5 /* Build configuration list for PBXNativeTarget "CombineReduxUITests" */;
			buildPhases = (
				8DADCB472644529A009180E5 /* Sources */,
				8DADCB482644529A009180E5 /* Frameworks */,
				8DADCB492644529A009180E5 /* Resources */,
			);
			buildRules = (
			);
			dependencies = (
				8DADCB4D2644529A009180E5 /* PBXTargetDependency */,
			);
			name = CombineReduxUITests;
			productName = CombineReduxUITests;
			productReference = 8DADCB4B2644529A009180E5 /* CombineReduxUITests.xctest */;
			productType = "com.apple.product-type.bundle.ui-testing";
		};
/* End PBXNativeTarget section */

/* Begin PBXProject section */
		8DADCB2226445296009180E5 /* Project object */ = {
			isa = PBXProject;
			attributes = {
				LastSwiftUpdateCheck = 1240;
				LastUpgradeCheck = 1240;
				TargetAttributes = {
					8DADCB2926445296009180E5 = {
						CreatedOnToolsVersion = 12.4;
					};
					8DADCB3F2644529A009180E5 = {
						CreatedOnToolsVersion = 12.4;
						TestTargetID = 8DADCB2926445296009180E5;
					};
					8DADCB4A2644529A009180E5 = {
						CreatedOnToolsVersion = 12.4;
						TestTargetID = 8DADCB2926445296009180E5;
					};
				};
			};
			buildConfigurationList = 8DADCB2526445296009180E5 /* Build configuration list for PBXProject "CombineRedux" */;
			compatibilityVersion = "Xcode 9.3";
			developmentRegion = en;
			hasScannedForEncodings = 0;
			knownRegions = (
				en,
				Base,
			);
			mainGroup = 8DADCB2126445296009180E5;
			packageReferences = (
			);
			productRefGroup = 8DADCB2B26445296009180E5 /* Products */;
			projectDirPath = "";
			projectRoot = "";
			targets = (
				8DADCB2926445296009180E5 /* CombineRedux */,
				8DADCB3F2644529A009180E5 /* CombineReduxTests */,
				8DADCB4A2644529A009180E5 /* CombineReduxUITests */,
			);
		};
/* End PBXProject section */

/* Begin PBXResourcesBuildPhase section */
		8DADCB2826445296009180E5 /* Resources */ = {
			isa = PBXResourcesBuildPhase;
			buildActionMask = 2147483647;
			files = (
				8DADCB3A2644529A009180E5 /* LaunchScreen.storyboard in Resources */,
				8DADCB372644529A009180E5 /* Assets.xcassets in Resources */,
				8DADCB3526445296009180E5 /* Main.storyboard in Resources */,
			);
			runOnlyForDeploymentPostprocessing = 0;
		};
		8DADCB3E2644529A009180E5 /* Resources */ = {
			isa = PBXResourcesBuildPhase;
			buildActionMask = 2147483647;
			files = (
			);
			runOnlyForDeploymentPostprocessing = 0;
		};
		8DADCB492644529A009180E5 /* Resources */ = {
			isa = PBXResourcesBuildPhase;
			buildActionMask = 2147483647;
			files = (
			);
			runOnlyForDeploymentPostprocessing = 0;
		};
/* End PBXResourcesBuildPhase section */

/* Begin PBXSourcesBuildPhase section */
		8DADCB2626445296009180E5 /* Sources */ = {
			isa = PBXSourcesBuildPhase;
			buildActionMask = 2147483647;
			files = (
				8DADCB3226445296009180E5 /* MathController.swift in Sources */,
				8DADCB2E26445296009180E5 /* AppDelegate.swift in Sources */,
				8D20875C2645345A00959CF9 /* Store.swift in Sources */,
			);
			runOnlyForDeploymentPostprocessing = 0;
		};
		8DADCB3C2644529A009180E5 /* Sources */ = {
			isa = PBXSourcesBuildPhase;
			buildActionMask = 2147483647;
			files = (
				8D20876F2645350E00959CF9 /* StoreSpecs.swift in Sources */,
				8D2087892645382200959CF9 /* MathController.swift in Sources */,
				8D2087672645347100959CF9 /* Store.swift in Sources */,
			);
			runOnlyForDeploymentPostprocessing = 0;
		};
		8DADCB472644529A009180E5 /* Sources */ = {
			isa = PBXSourcesBuildPhase;
			buildActionMask = 2147483647;
			files = (
				8DADCB502644529A009180E5 /* CombineReduxUITests.swift in Sources */,
				8D2087932645393B00959CF9 /* Store.swift in Sources */,
			);
			runOnlyForDeploymentPostprocessing = 0;
		};
/* End PBXSourcesBuildPhase section */

/* Begin PBXTargetDependency section */
		8DADCB422644529A009180E5 /* PBXTargetDependency */ = {
			isa = PBXTargetDependency;
			target = 8DADCB2926445296009180E5 /* CombineRedux */;
			targetProxy = 8DADCB412644529A009180E5 /* PBXContainerItemProxy */;
		};
		8DADCB4D2644529A009180E5 /* PBXTargetDependency */ = {
			isa = PBXTargetDependency;
			target = 8DADCB2926445296009180E5 /* CombineRedux */;
			targetProxy = 8DADCB4C2644529A009180E5 /* PBXContainerItemProxy */;
		};
/* End PBXTargetDependency section */

/* Begin PBXVariantGroup section */
		8DADCB3326445296009180E5 /* Main.storyboard */ = {
			isa = PBXVariantGroup;
			children = (
				8DADCB3426445296009180E5 /* Base */,
			);
			name = Main.storyboard;
			sourceTree = "<group>";
		};
		8DADCB382644529A009180E5 /* LaunchScreen.storyboard */ = {
			isa = PBXVariantGroup;
			children = (
				8DADCB392644529A009180E5 /* Base */,
			);
			name = LaunchScreen.storyboard;
			sourceTree = "<group>";
		};
/* End PBXVariantGroup section */

/* Begin XCBuildConfiguration section */
		8DADCB522644529A009180E5 /* Debug */ = {
			isa = XCBuildConfiguration;
			buildSettings = {
				ALWAYS_SEARCH_USER_PATHS = NO;
				CLANG_ANALYZER_NONNULL = YES;
				CLANG_ANALYZER_NUMBER_OBJECT_CONVERSION = YES_AGGRESSIVE;
				CLANG_CXX_LANGUAGE_STANDARD = "gnu++14";
				CLANG_CXX_LIBRARY = "libc++";
				CLANG_ENABLE_MODULES = YES;
				CLANG_ENABLE_OBJC_ARC = YES;
				CLANG_ENABLE_OBJC_WEAK = YES;
				CLANG_WARN_BLOCK_CAPTURE_AUTORELEASING = YES;
				CLANG_WARN_BOOL_CONVERSION = YES;
				CLANG_WARN_COMMA = YES;
				CLANG_WARN_CONSTANT_CONVERSION = YES;
				CLANG_WARN_DEPRECATED_OBJC_IMPLEMENTATIONS = YES;
				CLANG_WARN_DIRECT_OBJC_ISA_USAGE = YES_ERROR;
				CLANG_WARN_DOCUMENTATION_COMMENTS = YES;
				CLANG_WARN_EMPTY_BODY = YES;
				CLANG_WARN_ENUM_CONVERSION = YES;
				CLANG_WARN_INFINITE_RECURSION = YES;
				CLANG_WARN_INT_CONVERSION = YES;
				CLANG_WARN_NON_LITERAL_NULL_CONVERSION = YES;
				CLANG_WARN_OBJC_IMPLICIT_RETAIN_SELF = YES;
				CLANG_WARN_OBJC_LITERAL_CONVERSION = YES;
				CLANG_WARN_OBJC_ROOT_CLASS = YES_ERROR;
				CLANG_WARN_QUOTED_INCLUDE_IN_FRAMEWORK_HEADER = YES;
				CLANG_WARN_RANGE_LOOP_ANALYSIS = YES;
				CLANG_WARN_STRICT_PROTOTYPES = YES;
				CLANG_WARN_SUSPICIOUS_MOVE = YES;
				CLANG_WARN_UNGUARDED_AVAILABILITY = YES_AGGRESSIVE;
				CLANG_WARN_UNREACHABLE_CODE = YES;
				CLANG_WARN__DUPLICATE_METHOD_MATCH = YES;
				COPY_PHASE_STRIP = NO;
				DEBUG_INFORMATION_FORMAT = dwarf;
				ENABLE_STRICT_OBJC_MSGSEND = YES;
				ENABLE_TESTABILITY = YES;
				GCC_C_LANGUAGE_STANDARD = gnu11;
				GCC_DYNAMIC_NO_PIC = NO;
				GCC_NO_COMMON_BLOCKS = YES;
				GCC_OPTIMIZATION_LEVEL = 0;
				GCC_PREPROCESSOR_DEFINITIONS = (
					"DEBUG=1",
					"$(inherited)",
				);
				GCC_WARN_64_TO_32_BIT_CONVERSION = YES;
				GCC_WARN_ABOUT_RETURN_TYPE = YES_ERROR;
				GCC_WARN_UNDECLARED_SELECTOR = YES;
				GCC_WARN_UNINITIALIZED_AUTOS = YES_AGGRESSIVE;
				GCC_WARN_UNUSED_FUNCTION = YES;
				GCC_WARN_UNUSED_VARIABLE = YES;
				IPHONEOS_DEPLOYMENT_TARGET = 14.4;
				MTL_ENABLE_DEBUG_INFO = INCLUDE_SOURCE;
				MTL_FAST_MATH = YES;
				ONLY_ACTIVE_ARCH = YES;
				SDKROOT = iphoneos;
				SWIFT_ACTIVE_COMPILATION_CONDITIONS = DEBUG;
				SWIFT_OPTIMIZATION_LEVEL = "-Onone";
			};
			name = Debug;
		};
		8DADCB532644529A009180E5 /* Release */ = {
			isa = XCBuildConfiguration;
			buildSettings = {
				ALWAYS_SEARCH_USER_PATHS = NO;
				CLANG_ANALYZER_NONNULL = YES;
				CLANG_ANALYZER_NUMBER_OBJECT_CONVERSION = YES_AGGRESSIVE;
				CLANG_CXX_LANGUAGE_STANDARD = "gnu++14";
				CLANG_CXX_LIBRARY = "libc++";
				CLANG_ENABLE_MODULES = YES;
				CLANG_ENABLE_OBJC_ARC = YES;
				CLANG_ENABLE_OBJC_WEAK = YES;
				CLANG_WARN_BLOCK_CAPTURE_AUTORELEASING = YES;
				CLANG_WARN_BOOL_CONVERSION = YES;
				CLANG_WARN_COMMA = YES;
				CLANG_WARN_CONSTANT_CONVERSION = YES;
				CLANG_WARN_DEPRECATED_OBJC_IMPLEMENTATIONS = YES;
				CLANG_WARN_DIRECT_OBJC_ISA_USAGE = YES_ERROR;
				CLANG_WARN_DOCUMENTATION_COMMENTS = YES;
				CLANG_WARN_EMPTY_BODY = YES;
				CLANG_WARN_ENUM_CONVERSION = YES;
				CLANG_WARN_INFINITE_RECURSION = YES;
				CLANG_WARN_INT_CONVERSION = YES;
				CLANG_WARN_NON_LITERAL_NULL_CONVERSION = YES;
				CLANG_WARN_OBJC_IMPLICIT_RETAIN_SELF = YES;
				CLANG_WARN_OBJC_LITERAL_CONVERSION = YES;
				CLANG_WARN_OBJC_ROOT_CLASS = YES_ERROR;
				CLANG_WARN_QUOTED_INCLUDE_IN_FRAMEWORK_HEADER = YES;
				CLANG_WARN_RANGE_LOOP_ANALYSIS = YES;
				CLANG_WARN_STRICT_PROTOTYPES = YES;
				CLANG_WARN_SUSPICIOUS_MOVE = YES;
				CLANG_WARN_UNGUARDED_AVAILABILITY = YES_AGGRESSIVE;
				CLANG_WARN_UNREACHABLE_CODE = YES;
				CLANG_WARN__DUPLICATE_METHOD_MATCH = YES;
				COPY_PHASE_STRIP = NO;
				DEBUG_INFORMATION_FORMAT = "dwarf-with-dsym";
				ENABLE_NS_ASSERTIONS = NO;
				ENABLE_STRICT_OBJC_MSGSEND = YES;
				GCC_C_LANGUAGE_STANDARD = gnu11;
				GCC_NO_COMMON_BLOCKS = YES;
				GCC_WARN_64_TO_32_BIT_CONVERSION = YES;
				GCC_WARN_ABOUT_RETURN_TYPE = YES_ERROR;
				GCC_WARN_UNDECLARED_SELECTOR = YES;
				GCC_WARN_UNINITIALIZED_AUTOS = YES_AGGRESSIVE;
				GCC_WARN_UNUSED_FUNCTION = YES;
				GCC_WARN_UNUSED_VARIABLE = YES;
				IPHONEOS_DEPLOYMENT_TARGET = 14.4;
				MTL_ENABLE_DEBUG_INFO = NO;
				MTL_FAST_MATH = YES;
				SDKROOT = iphoneos;
				SWIFT_COMPILATION_MODE = wholemodule;
				SWIFT_OPTIMIZATION_LEVEL = "-O";
				VALIDATE_PRODUCT = YES;
			};
			name = Release;
		};
		8DADCB552644529A009180E5 /* Debug */ = {
			isa = XCBuildConfiguration;
			buildSettings = {
				ASSETCATALOG_COMPILER_APPICON_NAME = AppIcon;
				ASSETCATALOG_COMPILER_GLOBAL_ACCENT_COLOR_NAME = AccentColor;
				CODE_SIGN_STYLE = Automatic;
				DEVELOPMENT_TEAM = 73K235W4AU;
				INFOPLIST_FILE = CombineRedux/Info.plist;
				LD_RUNPATH_SEARCH_PATHS = (
					"$(inherited)",
					"@executable_path/Frameworks",
				);
				PRODUCT_BUNDLE_IDENTIFIER = com.app.CombineRedux;
				PRODUCT_NAME = "$(TARGET_NAME)";
				SWIFT_VERSION = 5.0;
				TARGETED_DEVICE_FAMILY = "1,2";
			};
			name = Debug;
		};
		8DADCB562644529A009180E5 /* Release */ = {
			isa = XCBuildConfiguration;
			buildSettings = {
				ASSETCATALOG_COMPILER_APPICON_NAME = AppIcon;
				ASSETCATALOG_COMPILER_GLOBAL_ACCENT_COLOR_NAME = AccentColor;
				CODE_SIGN_STYLE = Automatic;
				DEVELOPMENT_TEAM = 73K235W4AU;
				INFOPLIST_FILE = CombineRedux/Info.plist;
				LD_RUNPATH_SEARCH_PATHS = (
					"$(inherited)",
					"@executable_path/Frameworks",
				);
				PRODUCT_BUNDLE_IDENTIFIER = com.app.CombineRedux;
				PRODUCT_NAME = "$(TARGET_NAME)";
				SWIFT_VERSION = 5.0;
				TARGETED_DEVICE_FAMILY = "1,2";
			};
			name = Release;
		};
		8DADCB582644529A009180E5 /* Debug */ = {
			isa = XCBuildConfiguration;
			buildSettings = {
				ALWAYS_EMBED_SWIFT_STANDARD_LIBRARIES = YES;
				BUNDLE_LOADER = "$(TEST_HOST)";
				CODE_SIGN_STYLE = Automatic;
				DEVELOPMENT_TEAM = 73K235W4AU;
				INFOPLIST_FILE = CombineReduxTests/Info.plist;
				IPHONEOS_DEPLOYMENT_TARGET = 14.4;
				LD_RUNPATH_SEARCH_PATHS = (
					"$(inherited)",
					"@executable_path/Frameworks",
					"@loader_path/Frameworks",
				);
				PRODUCT_BUNDLE_IDENTIFIER = com.app.CombineReduxTests;
				PRODUCT_NAME = "$(TARGET_NAME)";
				SWIFT_VERSION = 5.0;
				TARGETED_DEVICE_FAMILY = "1,2";
				TEST_HOST = "$(BUILT_PRODUCTS_DIR)/CombineRedux.app/CombineRedux";
			};
			name = Debug;
		};
		8DADCB592644529A009180E5 /* Release */ = {
			isa = XCBuildConfiguration;
			buildSettings = {
				ALWAYS_EMBED_SWIFT_STANDARD_LIBRARIES = YES;
				BUNDLE_LOADER = "$(TEST_HOST)";
				CODE_SIGN_STYLE = Automatic;
				DEVELOPMENT_TEAM = 73K235W4AU;
				INFOPLIST_FILE = CombineReduxTests/Info.plist;
				IPHONEOS_DEPLOYMENT_TARGET = 14.4;
				LD_RUNPATH_SEARCH_PATHS = (
					"$(inherited)",
					"@executable_path/Frameworks",
					"@loader_path/Frameworks",
				);
				PRODUCT_BUNDLE_IDENTIFIER = com.app.CombineReduxTests;
				PRODUCT_NAME = "$(TARGET_NAME)";
				SWIFT_VERSION = 5.0;
				TARGETED_DEVICE_FAMILY = "1,2";
				TEST_HOST = "$(BUILT_PRODUCTS_DIR)/CombineRedux.app/CombineRedux";
			};
			name = Release;
		};
		8DADCB5B2644529A009180E5 /* Debug */ = {
			isa = XCBuildConfiguration;
			buildSettings = {
				ALWAYS_EMBED_SWIFT_STANDARD_LIBRARIES = YES;
				CODE_SIGN_STYLE = Automatic;
				DEVELOPMENT_TEAM = 73K235W4AU;
				INFOPLIST_FILE = CombineReduxUITests/Info.plist;
				LD_RUNPATH_SEARCH_PATHS = (
					"$(inherited)",
					"@executable_path/Frameworks",
					"@loader_path/Frameworks",
				);
				PRODUCT_BUNDLE_IDENTIFIER = com.app.CombineReduxUITests;
				PRODUCT_NAME = "$(TARGET_NAME)";
				SWIFT_VERSION = 5.0;
				TARGETED_DEVICE_FAMILY = "1,2";
				TEST_TARGET_NAME = CombineRedux;
			};
			name = Debug;
		};
		8DADCB5C2644529A009180E5 /* Release */ = {
			isa = XCBuildConfiguration;
			buildSettings = {
				ALWAYS_EMBED_SWIFT_STANDARD_LIBRARIES = YES;
				CODE_SIGN_STYLE = Automatic;
				DEVELOPMENT_TEAM = 73K235W4AU;
				INFOPLIST_FILE = CombineReduxUITests/Info.plist;
				LD_RUNPATH_SEARCH_PATHS = (
					"$(inherited)",
					"@executable_path/Frameworks",
					"@loader_path/Frameworks",
				);
				PRODUCT_BUNDLE_IDENTIFIER = com.app.CombineReduxUITests;
				PRODUCT_NAME = "$(TARGET_NAME)";
				SWIFT_VERSION = 5.0;
				TARGETED_DEVICE_FAMILY = "1,2";
				TEST_TARGET_NAME = CombineRedux;
			};
			name = Release;
		};
/* End XCBuildConfiguration section */

/* Begin XCConfigurationList section */
		8DADCB2526445296009180E5 /* Build configuration list for PBXProject "CombineRedux" */ = {
			isa = XCConfigurationList;
			buildConfigurations = (
				8DADCB522644529A009180E5 /* Debug */,
				8DADCB532644529A009180E5 /* Release */,
			);
			defaultConfigurationIsVisible = 0;
			defaultConfigurationName = Release;
		};
		8DADCB542644529A009180E5 /* Build configuration list for PBXNativeTarget "CombineRedux" */ = {
			isa = XCConfigurationList;
			buildConfigurations = (
				8DADCB552644529A009180E5 /* Debug */,
				8DADCB562644529A009180E5 /* Release */,
			);
			defaultConfigurationIsVisible = 0;
			defaultConfigurationName = Release;
		};
		8DADCB572644529A009180E5 /* Build configuration list for PBXNativeTarget "CombineReduxTests" */ = {
			isa = XCConfigurationList;
			buildConfigurations = (
				8DADCB582644529A009180E5 /* Debug */,
				8DADCB592644529A009180E5 /* Release */,
			);
			defaultConfigurationIsVisible = 0;
			defaultConfigurationName = Release;
		};
		8DADCB5A2644529A009180E5 /* Build configuration list for PBXNativeTarget "CombineReduxUITests" */ = {
			isa = XCConfigurationList;
			buildConfigurations = (
				8DADCB5B2644529A009180E5 /* Debug */,
				8DADCB5C2644529A009180E5 /* Release */,
			);
			defaultConfigurationIsVisible = 0;
			defaultConfigurationName = Release;
		};
/* End XCConfigurationList section */
	};
	rootObject = 8DADCB2226445296009180E5 /* Project object */;
}
